
Microsoft Visual Studio Solution File, Format Version 12.00
# Visual Studio Version 17
VisualStudioVersion = 17.10.35201.131
MinimumVisualStudioVersion = 10.0.40219.1
Project("{9A19103F-16F7-4668-BE54-9A1E7A4F7556}") = "LibraryWebAPI", "LibraryWebAPI\LibraryWebAPI.csproj", "{6C41784E-E517-4B78-A884-7B3E024D5E75}"
	ProjectSection(ProjectDependencies) = postProject
		{4DC15FCF-B54A-46C8-BA93-F4F7F0DC461E} = {4DC15FCF-B54A-46C8-BA93-F4F7F0DC461E}
		{73AB721C-1CC6-4E5F-A507-6AE8B1623670} = {73AB721C-1CC6-4E5F-A507-6AE8B1623670}
	EndProjectSection
EndProject
Project("{9A19103F-16F7-4668-BE54-9A1E7A4F7556}") = "LibraryWebAPI.Infrastructure", "LibraryWebAPI.Infrastructure\LibraryWebAPI.Infrastructure.csproj", "{BBA7AB84-9203-42EA-B159-F87AF1834141}"
EndProject
Project("{9A19103F-16F7-4668-BE54-9A1E7A4F7556}") = "LibraryWebAPI.DataAccess", "LibraryWebAPI.DataAccess\LibraryWebAPI.DataAccess.csproj", "{73AB721C-1CC6-4E5F-A507-6AE8B1623670}"
EndProject
Project("{9A19103F-16F7-4668-BE54-9A1E7A4F7556}") = "LibraryWebAPI.BusinessLogic", "LibraryWebAPI.BusinessLogic\LibraryWebAPI.BusinessLogic.csproj", "{4DC15FCF-B54A-46C8-BA93-F4F7F0DC461E}"
EndProject
Global
	GlobalSection(SolutionConfigurationPlatforms) = preSolution
		Debug|Any CPU = Debug|Any CPU
		Release|Any CPU = Release|Any CPU
	EndGlobalSection
	GlobalSection(ProjectConfigurationPlatforms) = postSolution
		{6C41784E-E517-4B78-A884-7B3E024D5E75}.Debug|Any CPU.ActiveCfg = Debug|Any CPU
		{6C41784E-E517-4B78-A884-7B3E024D5E75}.Debug|Any CPU.Build.0 = Debug|Any CPU
		{6C41784E-E517-4B78-A884-7B3E024D5E75}.Release|Any CPU.ActiveCfg = Release|Any CPU
		{6C41784E-E517-4B78-A884-7B3E024D5E75}.Release|Any CPU.Build.0 = Release|Any CPU
		{BBA7AB84-9203-42EA-B159-F87AF1834141}.Debug|Any CPU.ActiveCfg = Debug|Any CPU
		{BBA7AB84-9203-42EA-B159-F87AF1834141}.Debug|Any CPU.Build.0 = Debug|Any CPU
		{BBA7AB84-9203-42EA-B159-F87AF1834141}.Release|Any CPU.ActiveCfg = Release|Any CPU
		{BBA7AB84-9203-42EA-B159-F87AF1834141}.Release|Any CPU.Build.0 = Release|Any CPU
		{73AB721C-1CC6-4E5F-A507-6AE8B1623670}.Debug|Any CPU.ActiveCfg = Debug|Any CPU
		{73AB721C-1CC6-4E5F-A507-6AE8B1623670}.Debug|Any CPU.Build.0 = Debug|Any CPU
		{73AB721C-1CC6-4E5F-A507-6AE8B1623670}.Release|Any CPU.ActiveCfg = Release|Any CPU
		{73AB721C-1CC6-4E5F-A507-6AE8B1623670}.Release|Any CPU.Build.0 = Release|Any CPU
		{4DC15FCF-B54A-46C8-BA93-F4F7F0DC461E}.Debug|Any CPU.ActiveCfg = Debug|Any CPU
		{4DC15FCF-B54A-46C8-BA93-F4F7F0DC461E}.Debug|Any CPU.Build.0 = Debug|Any CPU
		{4DC15FCF-B54A-46C8-BA93-F4F7F0DC461E}.Release|Any CPU.ActiveCfg = Release|Any CPU
		{4DC15FCF-B54A-46C8-BA93-F4F7F0DC461E}.Release|Any CPU.Build.0 = Release|Any CPU
	EndGlobalSection
	GlobalSection(SolutionProperties) = preSolution
		HideSolutionNode = FALSE
	EndGlobalSection
	GlobalSection(ExtensibilityGlobals) = postSolution
		SolutionGuid = {2D8E1A6B-3E0C-4E1A-A76C-CF6D3AABBAEC}
	EndGlobalSection
EndGlobal
